// !$*UTF8*$!
{
	archiveVersion = 1;
	classes = {
	};
	objectVersion = 46;
	objects = {

/* Begin PBXBuildFile section */
		F12D1B4E1A80BFC800F9C7D2 /* main.m in Sources */ = {isa = PBXBuildFile; fileRef = F12D1B4D1A80BFC800F9C7D2 /* main.m */; };
		F12D1B511A80BFC800F9C7D2 /* AppDelegate.m in Sources */ = {isa = PBXBuildFile; fileRef = F12D1B501A80BFC800F9C7D2 /* AppDelegate.m */; };
		F12D1B541A80BFC800F9C7D2 /* ViewController.m in Sources */ = {isa = PBXBuildFile; fileRef = F12D1B531A80BFC800F9C7D2 /* ViewController.m */; };
		F12D1B571A80BFC800F9C7D2 /* Main.storyboard in Resources */ = {isa = PBXBuildFile; fileRef = F12D1B551A80BFC800F9C7D2 /* Main.storyboard */; };
		F12D1B591A80BFC800F9C7D2 /* Images.xcassets in Resources */ = {isa = PBXBuildFile; fileRef = F12D1B581A80BFC800F9C7D2 /* Images.xcassets */; };
		F12D1B5C1A80BFC800F9C7D2 /* LaunchScreen.xib in Resources */ = {isa = PBXBuildFile; fileRef = F12D1B5A1A80BFC800F9C7D2 /* LaunchScreen.xib */; };
		F12D1B681A80BFC800F9C7D2 /* TestMuliTableViewTests.m in Sources */ = {isa = PBXBuildFile; fileRef = F12D1B671A80BFC800F9C7D2 /* TestMuliTableViewTests.m */; };
/* End PBXBuildFile section */

/* Begin PBXContainerItemProxy section */
		F12D1B621A80BFC800F9C7D2 /* PBXContainerItemProxy */ = {
			isa = PBXContainerItemProxy;
			containerPortal = F12D1B401A80BFC800F9C7D2 /* Project object */;
			proxyType = 1;
			remoteGlobalIDString = F12D1B471A80BFC800F9C7D2;
			remoteInfo = TestMuliTableView;
		};
/* End PBXContainerItemProxy section */

/* Begin PBXFileReference section */
		F12D1B481A80BFC800F9C7D2 /* TestMuliTableView.app */ = {isa = PBXFileReference; explicitFileType = wrapper.application; includeInIndex = 0; path = TestMuliTableView.app; sourceTree = BUILT_PRODUCTS_DIR; };
		F12D1B4C1A80BFC800F9C7D2 /* Info.plist */ = {isa = PBXFileReference; lastKnownFileType = text.plist.xml; path = Info.plist; sourceTree = "<group>"; };
		F12D1B4D1A80BFC800F9C7D2 /* main.m */ = {isa = PBXFileReference; lastKnownFileType = sourcecode.c.objc; path = main.m; sourceTree = "<group>"; };
		F12D1B4F1A80BFC800F9C7D2 /* AppDelegate.h */ = {isa = PBXFileReference; lastKnownFileType = sourcecode.c.h; path = AppDelegate.h; sourceTree = "<group>"; };
		F12D1B501A80BFC800F9C7D2 /* AppDelegate.m */ = {isa = PBXFileReference; lastKnownFileType = sourcecode.c.objc; path = AppDelegate.m; sourceTree = "<group>"; };
		F12D1B521A80BFC800F9C7D2 /* ViewController.h */ = {isa = PBXFileReference; lastKnownFileType = sourcecode.c.h; path = ViewController.h; sourceTree = "<group>"; };
		F12D1B531A80BFC800F9C7D2 /* ViewController.m */ = {isa = PBXFileReference; lastKnownFileType = sourcecode.c.objc; path = ViewController.m; sourceTree = "<group>"; };
		F12D1B561A80BFC800F9C7D2 /* Base */ = {isa = PBXFileReference; lastKnownFileType = file.storyboard; name = Base; path = Base.lproj/Main.storyboard; sourceTree = "<group>"; };
		F12D1B581A80BFC800F9C7D2 /* Images.xcassets */ = {isa = PBXFileReference; lastKnownFileType = folder.assetcatalog; path = Images.xcassets; sourceTree = "<group>"; };
		F12D1B5B1A80BFC800F9C7D2 /* Base */ = {isa = PBXFileReference; lastKnownFileType = file.xib; name = Base; path = Base.lproj/LaunchScreen.xib; sourceTree = "<group>"; };
		F12D1B611A80BFC800F9C7D2 /* TestMuliTableViewTests.xctest */ = {isa = PBXFileReference; explicitFileType = wrapper.cfbundle; includeInIndex = 0; path = TestMuliTableViewTests.xctest; sourceTree = BUILT_PRODUCTS_DIR; };
		F12D1B661A80BFC800F9C7D2 /* Info.plist */ = {isa = PBXFileReference; lastKnownFileType = text.plist.xml; path = Info.plist; sourceTree = "<group>"; };
		F12D1B671A80BFC800F9C7D2 /* TestMuliTableViewTests.m */ = {isa = PBXFileReference; lastKnownFileType = sourcecode.c.objc; path = TestMuliTableViewTests.m; sourceTree = "<group>"; };
/* End PBXFileReference section */

/* Begin PBXFrameworksBuildPhase section */
		F12D1B451A80BFC800F9C7D2 /* Frameworks */ = {
			isa = PBXFrameworksBuildPhase;
			buildActionMask = 2147483647;
			files = (
			);
			runOnlyForDeploymentPostprocessing = 0;
		};
		F12D1B5E1A80BFC800F9C7D2 /* Frameworks */ = {
			isa = PBXFrameworksBuildPhase;
			buildActionMask = 2147483647;
			files = (
			);
			runOnlyForDeploymentPostprocessing = 0;
		};
/* End PBXFrameworksBuildPhase section */

/* Begin PBXGroup section */
		F12D1B3F1A80BFC800F9C7D2 = {
			isa = PBXGroup;
			children = (
				F12D1B4A1A80BFC800F9C7D2 /* TestMuliTableView */,
				F12D1B641A80BFC800F9C7D2 /* TestMuliTableViewTests */,
				F12D1B491A80BFC800F9C7D2 /* Products */,
			);
			sourceTree = "<group>";
		};
		F12D1B491A80BFC800F9C7D2 /* Products */ = {
			isa = PBXGroup;
			children = (
				F12D1B481A80BFC800F9C7D2 /* TestMuliTableView.app */,
				F12D1B611A80BFC800F9C7D2 /* TestMuliTableViewTests.xctest */,
			);
			name = Products;
			sourceTree = "<group>";
		};
		F12D1B4A1A80BFC800F9C7D2 /* TestMuliTableView */ = {
			isa = PBXGroup;
			children = (
				F12D1B4F1A80BFC800F9C7D2 /* AppDelegate.h */,
				F12D1B501A80BFC800F9C7D2 /* AppDelegate.m */,
				F12D1B521A80BFC800F9C7D2 /* ViewController.h */,
				F12D1B531A80BFC800F9C7D2 /* ViewController.m */,
				F12D1B551A80BFC800F9C7D2 /* Main.storyboard */,
				F12D1B581A80BFC800F9C7D2 /* Images.xcassets */,
				F12D1B5A1A80BFC800F9C7D2 /* LaunchScreen.xib */,
				F12D1B4B1A80BFC800F9C7D2 /* Supporting Files */,
			);
			path = TestMuliTableView;
			sourceTree = "<group>";
		};
		F12D1B4B1A80BFC800F9C7D2 /* Supporting Files */ = {
			isa = PBXGroup;
			children = (
				F12D1B4C1A80BFC800F9C7D2 /* Info.plist */,
				F12D1B4D1A80BFC800F9C7D2 /* main.m */,
			);
			name = "Supporting Files";
			sourceTree = "<group>";
		};
		F12D1B641A80BFC800F9C7D2 /* TestMuliTableViewTests */ = {
			isa = PBXGroup;
			children = (
				F12D1B671A80BFC800F9C7D2 /* TestMuliTableViewTests.m */,
				F12D1B651A80BFC800F9C7D2 /* Supporting Files */,
			);
			path = TestMuliTableViewTests;
			sourceTree = "<group>";
		};
		F12D1B651A80BFC800F9C7D2 /* Supporting Files */ = {
			isa = PBXGroup;
			children = (
				F12D1B661A80BFC800F9C7D2 /* Info.plist */,
			);
			name = "Supporting Files";
			sourceTree = "<group>";
		};
/* End PBXGroup section */

/* Begin PBXNativeTarget section */
		F12D1B471A80BFC800F9C7D2 /* TestMuliTableView */ = {
			isa = PBXNativeTarget;
			buildConfigurationList = F12D1B6B1A80BFC800F9C7D2 /* Build configuration list for PBXNativeTarget "TestMuliTableView" */;
			buildPhases = (
				F12D1B441A80BFC800F9C7D2 /* Sources */,
				F12D1B451A80BFC800F9C7D2 /* Frameworks */,
				F12D1B461A80BFC800F9C7D2 /* Resources */,
			);
			buildRules = (
			);
			dependencies = (
			);
			name = TestMuliTableView;
			productName = TestMuliTableView;
			productReference = F12D1B481A80BFC800F9C7D2 /* TestMuliTableView.app */;
			productType = "com.apple.product-type.application";
		};
		F12D1B601A80BFC800F9C7D2 /* TestMuliTableViewTests */ = {
			isa = PBXNativeTarget;
			buildConfigurationList = F12D1B6E1A80BFC800F9C7D2 /* Build configuration list for PBXNativeTarget "TestMuliTableViewTests" */;
			buildPhases = (
				F12D1B5D1A80BFC800F9C7D2 /* Sources */,
				F12D1B5E1A80BFC800F9C7D2 /* Frameworks */,
				F12D1B5F1A80BFC800F9C7D2 /* Resources */,
			);
			buildRules = (
			);
			dependencies = (
				F12D1B631A80BFC800F9C7D2 /* PBXTargetDependency */,
			);
			name = TestMuliTableViewTests;
			productName = TestMuliTableViewTests;
			productReference = F12D1B611A80BFC800F9C7D2 /* TestMuliTableViewTests.xctest */;
			productType = "com.apple.product-type.bundle.unit-test";
		};
/* End PBXNativeTarget section */

/* Begin PBXProject section */
		F12D1B401A80BFC800F9C7D2 /* Project object */ = {
			isa = PBXProject;
			attributes = {
				LastUpgradeCheck = 0610;
				ORGANIZATIONNAME = bokgoon;
				TargetAttributes = {
					F12D1B471A80BFC800F9C7D2 = {
						CreatedOnToolsVersion = 6.1.1;
						DevelopmentTeam = K9V8XP7C65;
					};
					F12D1B601A80BFC800F9C7D2 = {
						CreatedOnToolsVersion = 6.1.1;
						TestTargetID = F12D1B471A80BFC800F9C7D2;
					};
				};
			};
			buildConfigurationList = F12D1B431A80BFC800F9C7D2 /* Build configuration list for PBXProject "TestMuliTableView" */;
			compatibilityVersion = "Xcode 3.2";
			developmentRegion = English;
			hasScannedForEncodings = 0;
			knownRegions = (
				en,
				Base,
			);
			mainGroup = F12D1B3F1A80BFC800F9C7D2;
			productRefGroup = F12D1B491A80BFC800F9C7D2 /* Products */;
			projectDirPath = "";
			projectRoot = "";
			targets = (
				F12D1B471A80BFC800F9C7D2 /* TestMuliTableView */,
				F12D1B601A80BFC800F9C7D2 /* TestMuliTableViewTests */,
			);
		};
/* End PBXProject section */

/* Begin PBXResourcesBuildPhase section */
		F12D1B461A80BFC800F9C7D2 /* Resources */ = {
			isa = PBXResourcesBuildPhase;
			buildActionMask = 2147483647;
			files = (
				F12D1B571A80BFC800F9C7D2 /* Main.storyboard in Resources */,
				F12D1B5C1A80BFC800F9C7D2 /* LaunchScreen.xib in Resources */,
				F12D1B591A80BFC800F9C7D2 /* Images.xcassets in Resources */,
			);
			runOnlyForDeploymentPostprocessing = 0;
		};
		F12D1B5F1A80BFC800F9C7D2 /* Resources */ = {
			isa = PBXResourcesBuildPhase;
			buildActionMask = 2147483647;
			files = (
			);
			runOnlyForDeploymentPostprocessing = 0;
		};
/* End PBXResourcesBuildPhase section */

/* Begin PBXSourcesBuildPhase section */
		F12D1B441A80BFC800F9C7D2 /* Sources */ = {
			isa = PBXSourcesBuildPhase;
			buildActionMask = 2147483647;
			files = (
				F12D1B541A80BFC800F9C7D2 /* ViewController.m in Sources */,
				F12D1B511A80BFC800F9C7D2 /* AppDelegate.m in Sources */,
				F12D1B4E1A80BFC800F9C7D2 /* main.m in Sources */,
			);
			runOnlyForDeploymentPostprocessing = 0;
		};
		F12D1B5D1A80BFC800F9C7D2 /* Sources */ = {
			isa = PBXSourcesBuildPhase;
			buildActionMask = 2147483647;
			files = (
				F12D1B681A80BFC800F9C7D2 /* TestMuliTableViewTests.m in Sources */,
			);
			runOnlyForDeploymentPostprocessing = 0;
		};
/* End PBXSourcesBuildPhase section */

/* Begin PBXTargetDependency section */
		F12D1B631A80BFC800F9C7D2 /* PBXTargetDependency */ = {
			isa = PBXTargetDependency;
			target = F12D1B471A80BFC800F9C7D2 /* TestMuliTableView */;
			targetProxy = F12D1B621A80BFC800F9C7D2 /* PBXContainerItemProxy */;
		};
/* End PBXTargetDependency section */

/* Begin PBXVariantGroup section */
		F12D1B551A80BFC800F9C7D2 /* Main.storyboard */ = {
			isa = PBXVariantGroup;
			children = (
				F12D1B561A80BFC800F9C7D2 /* Base */,
			);
			name = Main.storyboard;
			sourceTree = "<group>";
		};
		F12D1B5A1A80BFC800F9C7D2 /* LaunchScreen.xib */ = {
			isa = PBXVariantGroup;
			children = (
				F12D1B5B1A80BFC800F9C7D2 /* Base */,
			);
			name = LaunchScreen.xib;
			sourceTree = "<group>";
		};
/* End PBXVariantGroup section */

/* Begin XCBuildConfiguration section */
		F12D1B691A80BFC800F9C7D2 /* Debug */ = {
			isa = XCBuildConfiguration;
			buildSettings = {
				ALWAYS_SEARCH_USER_PATHS = NO;
				CLANG_CXX_LANGUAGE_STANDARD = "gnu++0x";
				CLANG_CXX_LIBRARY = "libc++";
				CLANG_ENABLE_MODULES = YES;
				CLANG_ENABLE_OBJC_ARC = YES;
				CLANG_WARN_BOOL_CONVERSION = YES;
				CLANG_WARN_CONSTANT_CONVERSION = YES;
				CLANG_WARN_DIRECT_OBJC_ISA_USAGE = YES_ERROR;
				CLANG_WARN_EMPTY_BODY = YES;
				CLANG_WARN_ENUM_CONVERSION = YES;
				CLANG_WARN_INT_CONVERSION = YES;
				CLANG_WARN_OBJC_ROOT_CLASS = YES_ERROR;
				CLANG_WARN_UNREACHABLE_CODE = YES;
				CLANG_WARN__DUPLICATE_METHOD_MATCH = YES;
				"CODE_SIGN_IDENTITY[sdk=iphoneos*]" = "iPhone Developer";
				COPY_PHASE_STRIP = NO;
				ENABLE_STRICT_OBJC_MSGSEND = YES;
				GCC_C_LANGUAGE_STANDARD = gnu99;
				GCC_DYNAMIC_NO_PIC = NO;
				GCC_OPTIMIZATION_LEVEL = 0;
				GCC_PREPROCESSOR_DEFINITIONS = (
					"DEBUG=1",
					"$(inherited)",
				);
				GCC_SYMBOLS_PRIVATE_EXTERN = NO;
				GCC_WARN_64_TO_32_BIT_CONVERSION = YES;
				GCC_WARN_ABOUT_RETURN_TYPE = YES_ERROR;
				GCC_WARN_UNDECLARED_SELECTOR = YES;
				GCC_WARN_UNINITIALIZED_AUTOS = YES_AGGRESSIVE;
				GCC_WARN_UNUSED_FUNCTION = YES;
				GCC_WARN_UNUSED_VARIABLE = YES;
				IPHONEOS_DEPLOYMENT_TARGET = 8.1;
				MTL_ENABLE_DEBUG_INFO = YES;
				ONLY_ACTIVE_ARCH = YES;
				SDKROOT = iphoneos;
				TARGETED_DEVICE_FAMILY = "1,2";
			};
			name = Debug;
		};
		F12D1B6A1A80BFC800F9C7D2 /* Release */ = {
			isa = XCBuildConfiguration;
			buildSettings = {
				ALWAYS_SEARCH_USER_PATHS = NO;
				CLANG_CXX_LANGUAGE_STANDARD = "gnu++0x";
				CLANG_CXX_LIBRARY = "libc++";
				CLANG_ENABLE_MODULES = YES;
				CLANG_ENABLE_OBJC_ARC = YES;
				CLANG_WARN_BOOL_CONVERSION = YES;
				CLANG_WARN_CONSTANT_CONVERSION = YES;
				CLANG_WARN_DIRECT_OBJC_ISA_USAGE = YES_ERROR;
				CLANG_WARN_EMPTY_BODY = YES;
				CLANG_WARN_ENUM_CONVERSION = YES;
				CLANG_WARN_INT_CONVERSION = YES;
				CLANG_WARN_OBJC_ROOT_CLASS = YES_ERROR;
				CLANG_WARN_UNREACHABLE_CODE = YES;
				CLANG_WARN__DUPLICATE_METHOD_MATCH = YES;
				"CODE_SIGN_IDENTITY[sdk=iphoneos*]" = "iPhone Developer";
				COPY_PHASE_STRIP = YES;
				ENABLE_NS_ASSERTIONS = NO;
				ENABLE_STRICT_OBJC_MSGSEND = YES;
				GCC_C_LANGUAGE_STANDARD = gnu99;
				GCC_WARN_64_TO_32_BIT_CONVERSION = YES;
				GCC_WARN_ABOUT_RETURN_TYPE = YES_ERROR;
				GCC_WARN_UNDECLARED_SELECTOR = YES;
				GCC_WARN_UNINITIALIZED_AUTOS = YES_AGGRESSIVE;
				GCC_WARN_UNUSED_FUNCTION = YES;
				GCC_WARN_UNUSED_VARIABLE = YES;
				IPHONEOS_DEPLOYMENT_TARGET = 8.1;
				MTL_ENABLE_DEBUG_INFO = NO;
				SDKROOT = iphoneos;
				TARGETED_DEVICE_FAMILY = "1,2";
				VALIDATE_PRODUCT = YES;
			};
			name = Release;
		};
		F12D1B6C1A80BFC800F9C7D2 /* Debug */ = {
			isa = XCBuildConfiguration;
			buildSettings = {
				ASSETCATALOG_COMPILER_APPICON_NAME = AppIcon;
				CODE_SIGN_IDENTITY = "iPhone Developer";
				INFOPLIST_FILE = TestMuliTableView/Info.plist;
				IPHONEOS_DEPLOYMENT_TARGET = 7.0;
				LD_RUNPATH_SEARCH_PATHS = "$(inherited) @executable_path/Frameworks";
				PRODUCT_NAME = "$(TARGET_NAME)";
			};
			name = Debug;
		};
		F12D1B6D1A80BFC800F9C7D2 /* Release */ = {
			isa = XCBuildConfiguration;
			buildSettings = {
				ASSETCATALOG_COMPILER_APPICON_NAME = AppIcon;
				CODE_SIGN_IDENTITY = "iPhone Developer";
				INFOPLIST_FILE = TestMuliTableView/Info.plist;
				IPHONEOS_DEPLOYMENT_TARGET = 7.0;
				LD_RUNPATH_SEARCH_PATHS = "$(inherited) @executable_path/Frameworks";
				PRODUCT_NAME = "$(TARGET_NAME)";
			};
			name = Release;
		};
		F12D1B6F1A80BFC800F9C7D2 /* Debug */ = {
			isa = XCBuildConfiguration;
			buildSettings = {
				BUNDLE_LOADER = "$(TEST_HOST)";
				FRAMEWORK_SEARCH_PATHS = (
					"$(SDKROOT)/Developer/Library/Frameworks",
					"$(inherited)",
				);
				GCC_PREPROCESSOR_DEFINITIONS = (
					"DEBUG=1",
					"$(inherited)",
				);
				INFOPLIST_FILE = TestMuliTableViewTests/Info.plist;
				LD_RUNPATH_SEARCH_PATHS = "$(inherited) @executable_path/Frameworks @loader_path/Frameworks";
				PRODUCT_NAME = "$(TARGET_NAME)";
				TEST_HOST = "$(BUILT_PRODUCTS_DIR)/TestMuliTableView.app/TestMuliTableView";
			};
			name = Debug;
		};
		F12D1B701A80BFC800F9C7D2 /* Release */ = {
			isa = XCBuildConfiguration;
			buildSettings = {
				BUNDLE_LOADER = "$(TEST_HOST)";
				FRAMEWORK_SEARCH_PATHS = (
					"$(SDKROOT)/Developer/Library/Frameworks",
					"$(inherited)",
				);
				INFOPLIST_FILE = TestMuliTableViewTests/Info.plist;
				LD_RUNPATH_SEARCH_PATHS = "$(inherited) @executable_path/Frameworks @loader_path/Frameworks";
				PRODUCT_NAME = "$(TARGET_NAME)";
				TEST_HOST = "$(BUILT_PRODUCTS_DIR)/TestMuliTableView.app/TestMuliTableView";
			};
			name = Release;
		};
/* End XCBuildConfiguration section */

/* Begin XCConfigurationList section */
		F12D1B431A80BFC800F9C7D2 /* Build configuration list for PBXProject "TestMuliTableView" */ = {
			isa = XCConfigurationList;
			buildConfigurations = (
				F12D1B691A80BFC800F9C7D2 /* Debug */,
				F12D1B6A1A80BFC800F9C7D2 /* Release */,
			);
			defaultConfigurationIsVisible = 0;
			defaultConfigurationName = Release;
		};
		F12D1B6B1A80BFC800F9C7D2 /* Build configuration list for PBXNativeTarget "TestMuliTableView" */ = {
			isa = XCConfigurationList;
			buildConfigurations = (
				F12D1B6C1A80BFC800F9C7D2 /* Debug */,
				F12D1B6D1A80BFC800F9C7D2 /* Release */,
			);
			defaultConfigurationIsVisible = 0;
		};
		F12D1B6E1A80BFC800F9C7D2 /* Build configuration list for PBXNativeTarget "TestMuliTableViewTests" */ = {
			isa = XCConfigurationList;
			buildConfigurations = (
				F12D1B6F1A80BFC800F9C7D2 /* Debug */,
				F12D1B701A80BFC800F9C7D2 /* Release */,
			);
			defaultConfigurationIsVisible = 0;
		};
/* End XCConfigurationList section */
	};
	rootObject = F12D1B401A80BFC800F9C7D2 /* Project object */;
}
